Microsoft Visual Studio Solution File, Format Version 12.00
# Visual Studio Version 16
VisualStudioVersion = 16.0.28822.285
MinimumVisualStudioVersion = 12.0.31101.0
Project("{FAE04EC0-301F-11D3-BF4B-00C04F79EFBC}") = "NetCore", "Source\Libraries\NetCore\NetCore.csproj", "{7E106AEC-5614-4206-9E4D-25759C90E8AE}"
EndProject
Project("{FAE04EC0-301F-11D3-BF4B-00C04F79EFBC}") = "CorruptCore", "Source\Libraries\CorruptCore\CorruptCore.csproj", "{B5633A86-DC66-4723-88EB-7DFC95458072}"
EndProject
Project("{FAE04EC0-301F-11D3-BF4B-00C04F79EFBC}") = "Vanguard", "Source\Libraries\Vanguard\Vanguard.csproj", "{364C705E-B7AB-4A94-A59B-88899CE65958}"
EndProject
Project("{2150E333-8FDC-42A3-9474-1A3956D46DE8}") = "Libraries", "Libraries", "{D2E71B6D-F28F-4331-988F-F9750192D1B0}"
EndProject
Project("{2150E333-8FDC-42A3-9474-1A3956D46DE8}") = "Frontend", "Frontend", "{3DA64604-26EE-4A0A-B6CA-ACA5F6C4EF5F}"
EndProject
Project("{FAE04EC0-301F-11D3-BF4B-00C04F79EFBC}") = "UI", "Source\Frontend\UI\UI.csproj", "{BD376BB2-17EC-4FB0-A9FE-6B1BBF4AF3E3}"
EndProject
Project("{FAE04EC0-301F-11D3-BF4B-00C04F79EFBC}") = "StandaloneRTC", "Source\Frontend\StandaloneRTC\StandaloneRTC.csproj", "{597D9202-F18D-4B51-BB89-D7E111BAF8B5}"
EndProject
Project("{FAE04EC0-301F-11D3-BF4B-00C04F79EFBC}") = "Common", "Source\Libraries\Common\Common.csproj", "{A31C17E1-2EAB-434F-A022-20193F2CEAB7}"
EndProject
Project("{2150E333-8FDC-42A3-9474-1A3956D46DE8}") = "Solution Items", "Solution Items", "{0F6D4694-4338-4F77-AAE4-0594FCC089E6}"
	ProjectSection(SolutionItems) = preProject
		.editorconfig = .editorconfig
		Directory.Build.props = Directory.Build.props
	EndProjectSection
EndProject
Project("{FAE04EC0-301F-11D3-BF4B-00C04F79EFBC}") = "PluginHost", "Source\Libraries\PluginHost\PluginHost.csproj", "{3F02EDA3-6949-4B30-9CDA-B56FFBA0E976}"
EndProject
Project("{2150E333-8FDC-42A3-9474-1A3956D46DE8}") = "Plugins", "Plugins", "{68C0A19E-FC93-4AC8-9E17-0D8D2B7F59BF}"
EndProject
Project("{FAE04EC0-301F-11D3-BF4B-00C04F79EFBC}") = "TestPlugin", "Source\Plugins\TestPlugin\TestPlugin.csproj", "{B795F19F-133C-4AC5-A124-DAC0DCDBDAC0}"
EndProject
Project("{FAE04EC0-301F-11D3-BF4B-00C04F79EFBC}") = "ScriptHost", "Source\Plugins\ScriptHost\ScriptHost.csproj", "{534A9766-5C29-4B27-84B1-42043A667261}"
EndProject
Project("{FAE04EC0-301F-11D3-BF4B-00C04F79EFBC}") = "HexEditor", "Source\Plugins\HexEditor\HexEditor.csproj", "{C000A468-A1D6-4278-95C3-3C70573C42EA}"
EndProject
Global
	GlobalSection(SolutionConfigurationPlatforms) = preSolution
		Debug|Any CPU = Debug|Any CPU
		Release|Any CPU = Release|Any CPU
	EndGlobalSection
	GlobalSection(ProjectConfigurationPlatforms) = postSolution
		{7E106AEC-5614-4206-9E4D-25759C90E8AE}.Debug|Any CPU.ActiveCfg = Debug|Any CPU
		{7E106AEC-5614-4206-9E4D-25759C90E8AE}.Debug|Any CPU.Build.0 = Debug|Any CPU
		{7E106AEC-5614-4206-9E4D-25759C90E8AE}.Release|Any CPU.ActiveCfg = Release|Any CPU
		{7E106AEC-5614-4206-9E4D-25759C90E8AE}.Release|Any CPU.Build.0 = Release|Any CPU
		{B5633A86-DC66-4723-88EB-7DFC95458072}.Debug|Any CPU.ActiveCfg = Debug|Any CPU
		{B5633A86-DC66-4723-88EB-7DFC95458072}.Debug|Any CPU.Build.0 = Debug|Any CPU
		{B5633A86-DC66-4723-88EB-7DFC95458072}.Release|Any CPU.ActiveCfg = Release|Any CPU
		{B5633A86-DC66-4723-88EB-7DFC95458072}.Release|Any CPU.Build.0 = Release|Any CPU
		{364C705E-B7AB-4A94-A59B-88899CE65958}.Debug|Any CPU.ActiveCfg = Debug|Any CPU
		{364C705E-B7AB-4A94-A59B-88899CE65958}.Debug|Any CPU.Build.0 = Debug|Any CPU
		{364C705E-B7AB-4A94-A59B-88899CE65958}.Release|Any CPU.ActiveCfg = Release|Any CPU
		{364C705E-B7AB-4A94-A59B-88899CE65958}.Release|Any CPU.Build.0 = Release|Any CPU
		{BD376BB2-17EC-4FB0-A9FE-6B1BBF4AF3E3}.Debug|Any CPU.ActiveCfg = Debug|Any CPU
		{BD376BB2-17EC-4FB0-A9FE-6B1BBF4AF3E3}.Debug|Any CPU.Build.0 = Debug|Any CPU
		{BD376BB2-17EC-4FB0-A9FE-6B1BBF4AF3E3}.Release|Any CPU.ActiveCfg = Release|Any CPU
		{BD376BB2-17EC-4FB0-A9FE-6B1BBF4AF3E3}.Release|Any CPU.Build.0 = Release|Any CPU
		{597D9202-F18D-4B51-BB89-D7E111BAF8B5}.Debug|Any CPU.ActiveCfg = Debug|Any CPU
		{597D9202-F18D-4B51-BB89-D7E111BAF8B5}.Debug|Any CPU.Build.0 = Debug|Any CPU
		{597D9202-F18D-4B51-BB89-D7E111BAF8B5}.Release|Any CPU.ActiveCfg = Release|Any CPU
		{597D9202-F18D-4B51-BB89-D7E111BAF8B5}.Release|Any CPU.Build.0 = Release|Any CPU
		{A31C17E1-2EAB-434F-A022-20193F2CEAB7}.Debug|Any CPU.ActiveCfg = Debug|Any CPU
		{A31C17E1-2EAB-434F-A022-20193F2CEAB7}.Debug|Any CPU.Build.0 = Debug|Any CPU
		{A31C17E1-2EAB-434F-A022-20193F2CEAB7}.Release|Any CPU.ActiveCfg = Release|Any CPU
		{A31C17E1-2EAB-434F-A022-20193F2CEAB7}.Release|Any CPU.Build.0 = Release|Any CPU
		{3F02EDA3-6949-4B30-9CDA-B56FFBA0E976}.Debug|Any CPU.ActiveCfg = Debug|Any CPU
		{3F02EDA3-6949-4B30-9CDA-B56FFBA0E976}.Debug|Any CPU.Build.0 = Debug|Any CPU
		{3F02EDA3-6949-4B30-9CDA-B56FFBA0E976}.Release|Any CPU.ActiveCfg = Release|Any CPU
		{3F02EDA3-6949-4B30-9CDA-B56FFBA0E976}.Release|Any CPU.Build.0 = Release|Any CPU
		{B795F19F-133C-4AC5-A124-DAC0DCDBDAC0}.Debug|Any CPU.ActiveCfg = Debug|Any CPU
		{B795F19F-133C-4AC5-A124-DAC0DCDBDAC0}.Debug|Any CPU.Build.0 = Debug|Any CPU
		{B795F19F-133C-4AC5-A124-DAC0DCDBDAC0}.Release|Any CPU.ActiveCfg = Release|Any CPU
		{B795F19F-133C-4AC5-A124-DAC0DCDBDAC0}.Release|Any CPU.Build.0 = Release|Any CPU
		{534A9766-5C29-4B27-84B1-42043A667261}.Debug|Any CPU.ActiveCfg = Debug|Any CPU
		{534A9766-5C29-4B27-84B1-42043A667261}.Debug|Any CPU.Build.0 = Debug|Any CPU
		{534A9766-5C29-4B27-84B1-42043A667261}.Release|Any CPU.ActiveCfg = Release|Any CPU
		{534A9766-5C29-4B27-84B1-42043A667261}.Release|Any CPU.Build.0 = Release|Any CPU
		{C000A468-A1D6-4278-95C3-3C70573C42EA}.Debug|Any CPU.ActiveCfg = Debug|Any CPU
		{C000A468-A1D6-4278-95C3-3C70573C42EA}.Debug|Any CPU.Build.0 = Debug|Any CPU
		{C000A468-A1D6-4278-95C3-3C70573C42EA}.Release|Any CPU.ActiveCfg = Release|Any CPU
		{C000A468-A1D6-4278-95C3-3C70573C42EA}.Release|Any CPU.Build.0 = Release|Any CPU
	EndGlobalSection
	GlobalSection(SolutionProperties) = preSolution
		HideSolutionNode = FALSE
	EndGlobalSection
	GlobalSection(NestedProjects) = preSolution
		{7E106AEC-5614-4206-9E4D-25759C90E8AE} = {D2E71B6D-F28F-4331-988F-F9750192D1B0}
		{B5633A86-DC66-4723-88EB-7DFC95458072} = {D2E71B6D-F28F-4331-988F-F9750192D1B0}
		{364C705E-B7AB-4A94-A59B-88899CE65958} = {D2E71B6D-F28F-4331-988F-F9750192D1B0}
		{BD376BB2-17EC-4FB0-A9FE-6B1BBF4AF3E3} = {3DA64604-26EE-4A0A-B6CA-ACA5F6C4EF5F}
		{597D9202-F18D-4B51-BB89-D7E111BAF8B5} = {3DA64604-26EE-4A0A-B6CA-ACA5F6C4EF5F}
		{A31C17E1-2EAB-434F-A022-20193F2CEAB7} = {D2E71B6D-F28F-4331-988F-F9750192D1B0}
		{3F02EDA3-6949-4B30-9CDA-B56FFBA0E976} = {D2E71B6D-F28F-4331-988F-F9750192D1B0}
		{B795F19F-133C-4AC5-A124-DAC0DCDBDAC0} = {68C0A19E-FC93-4AC8-9E17-0D8D2B7F59BF}
		{534A9766-5C29-4B27-84B1-42043A667261} = {68C0A19E-FC93-4AC8-9E17-0D8D2B7F59BF}
		{C000A468-A1D6-4278-95C3-3C70573C42EA} = {68C0A19E-FC93-4AC8-9E17-0D8D2B7F59BF}
	EndGlobalSection
	GlobalSection(ExtensibilityGlobals) = postSolution
		SolutionGuid = {EFD75441-C3FA-4DDC-B001-A7EDDC11E8DE}
	EndGlobalSection
	GlobalSection(MonoDevelopProperties) = preSolution
		StartupItem = BizHawk.Client.EmuHawk\BizHawk.Client.EmuHawk.csproj
	EndGlobalSection
EndGlobal
