
Microsoft Visual Studio Solution File, Format Version 12.00
# Visual Studio 15
VisualStudioVersion = 15.0.27130.2010
MinimumVisualStudioVersion = 10.0.40219.1
Project("{FAE04EC0-301F-11D3-BF4B-00C04F79EFBC}") = "NetCore", "NetCore\NetCore.csproj", "{7E106AEC-5614-4206-9E4D-25759C90E8AE}"
EndProject
Project("{FAE04EC0-301F-11D3-BF4B-00C04F79EFBC}") = "CorruptCore", "CorruptCore\CorruptCore.csproj", "{603CE184-B72E-447C-8D02-65CE86F732EF}"
EndProject
Project("{FAE04EC0-301F-11D3-BF4B-00C04F79EFBC}") = "GlitchHarvester", "GlitchHarvester\GlitchHarvester.csproj", "{C5C204E3-BF73-4DBA-98C0-913586D3C341}"
EndProject
Project("{FAE04EC0-301F-11D3-BF4B-00C04F79EFBC}") = "TestServer", "TestServer\TestServer.csproj", "{CFF8629A-007C-47D4-8F8C-C650D3115704}"
EndProject
Project("{FAE04EC0-301F-11D3-BF4B-00C04F79EFBC}") = "TestClient", "TestClient\TestClient.csproj", "{F2C09915-F793-438A-BE79-E411FFE05843}"
EndProject
Project("{FAE04EC0-301F-11D3-BF4B-00C04F79EFBC}") = "Vanguard", "Vanguard\Vanguard.csproj", "{364C705E-B7AB-4A94-A59B-88899CE65958}"
EndProject
Project("{FAE04EC0-301F-11D3-BF4B-00C04F79EFBC}") = "TestVanguardClient", "TestVanguardClient\TestVanguardClient.csproj", "{FB43497D-6D44-490E-9618-1FBF22B7FCB2}"
EndProject
Project("{2150E333-8FDC-42A3-9474-1A3956D46DE8}") = "Librairies", "Librairies", "{D2E71B6D-F28F-4331-988F-F9750192D1B0}"
EndProject
Project("{2150E333-8FDC-42A3-9474-1A3956D46DE8}") = "Testing", "Testing", "{EA24A98A-214B-43AA-B699-0ABFA5F359D4}"
EndProject
Project("{8BC9CEB8-8B4A-11D0-8D11-00A0C91BC942}") = "CPPTestClient", "CPPTestClient\DolphinTestClient.vcxproj", "{44B5E025-83A8-4467-B64C-0730FA78D684}"
EndProject
Global
	GlobalSection(SolutionConfigurationPlatforms) = preSolution
		Debug|Any CPU = Debug|Any CPU
		Debug|x64 = Debug|x64
		Debug|x86 = Debug|x86
		Release|Any CPU = Release|Any CPU
		Release|x64 = Release|x64
		Release|x86 = Release|x86
	EndGlobalSection
	GlobalSection(ProjectConfigurationPlatforms) = postSolution
		{7E106AEC-5614-4206-9E4D-25759C90E8AE}.Debug|Any CPU.ActiveCfg = Debug|Any CPU
		{7E106AEC-5614-4206-9E4D-25759C90E8AE}.Debug|Any CPU.Build.0 = Debug|Any CPU
		{7E106AEC-5614-4206-9E4D-25759C90E8AE}.Debug|x64.ActiveCfg = Debug|Any CPU
		{7E106AEC-5614-4206-9E4D-25759C90E8AE}.Debug|x64.Build.0 = Debug|Any CPU
		{7E106AEC-5614-4206-9E4D-25759C90E8AE}.Debug|x86.ActiveCfg = Debug|Any CPU
		{7E106AEC-5614-4206-9E4D-25759C90E8AE}.Debug|x86.Build.0 = Debug|Any CPU
		{7E106AEC-5614-4206-9E4D-25759C90E8AE}.Release|Any CPU.ActiveCfg = Release|Any CPU
		{7E106AEC-5614-4206-9E4D-25759C90E8AE}.Release|Any CPU.Build.0 = Release|Any CPU
		{7E106AEC-5614-4206-9E4D-25759C90E8AE}.Release|x64.ActiveCfg = Release|Any CPU
		{7E106AEC-5614-4206-9E4D-25759C90E8AE}.Release|x64.Build.0 = Release|Any CPU
		{7E106AEC-5614-4206-9E4D-25759C90E8AE}.Release|x86.ActiveCfg = Release|Any CPU
		{7E106AEC-5614-4206-9E4D-25759C90E8AE}.Release|x86.Build.0 = Release|Any CPU
		{603CE184-B72E-447C-8D02-65CE86F732EF}.Debug|Any CPU.ActiveCfg = Debug|Any CPU
		{603CE184-B72E-447C-8D02-65CE86F732EF}.Debug|Any CPU.Build.0 = Debug|Any CPU
		{603CE184-B72E-447C-8D02-65CE86F732EF}.Debug|x64.ActiveCfg = Debug|Any CPU
		{603CE184-B72E-447C-8D02-65CE86F732EF}.Debug|x64.Build.0 = Debug|Any CPU
		{603CE184-B72E-447C-8D02-65CE86F732EF}.Debug|x86.ActiveCfg = Debug|Any CPU
		{603CE184-B72E-447C-8D02-65CE86F732EF}.Debug|x86.Build.0 = Debug|Any CPU
		{603CE184-B72E-447C-8D02-65CE86F732EF}.Release|Any CPU.ActiveCfg = Release|Any CPU
		{603CE184-B72E-447C-8D02-65CE86F732EF}.Release|Any CPU.Build.0 = Release|Any CPU
		{603CE184-B72E-447C-8D02-65CE86F732EF}.Release|x64.ActiveCfg = Release|Any CPU
		{603CE184-B72E-447C-8D02-65CE86F732EF}.Release|x64.Build.0 = Release|Any CPU
		{603CE184-B72E-447C-8D02-65CE86F732EF}.Release|x86.ActiveCfg = Release|Any CPU
		{603CE184-B72E-447C-8D02-65CE86F732EF}.Release|x86.Build.0 = Release|Any CPU
		{C5C204E3-BF73-4DBA-98C0-913586D3C341}.Debug|Any CPU.ActiveCfg = Debug|Any CPU
		{C5C204E3-BF73-4DBA-98C0-913586D3C341}.Debug|Any CPU.Build.0 = Debug|Any CPU
		{C5C204E3-BF73-4DBA-98C0-913586D3C341}.Debug|x64.ActiveCfg = Debug|Any CPU
		{C5C204E3-BF73-4DBA-98C0-913586D3C341}.Debug|x64.Build.0 = Debug|Any CPU
		{C5C204E3-BF73-4DBA-98C0-913586D3C341}.Debug|x86.ActiveCfg = Debug|Any CPU
		{C5C204E3-BF73-4DBA-98C0-913586D3C341}.Debug|x86.Build.0 = Debug|Any CPU
		{C5C204E3-BF73-4DBA-98C0-913586D3C341}.Release|Any CPU.ActiveCfg = Release|Any CPU
		{C5C204E3-BF73-4DBA-98C0-913586D3C341}.Release|Any CPU.Build.0 = Release|Any CPU
		{C5C204E3-BF73-4DBA-98C0-913586D3C341}.Release|x64.ActiveCfg = Release|Any CPU
		{C5C204E3-BF73-4DBA-98C0-913586D3C341}.Release|x64.Build.0 = Release|Any CPU
		{C5C204E3-BF73-4DBA-98C0-913586D3C341}.Release|x86.ActiveCfg = Release|Any CPU
		{C5C204E3-BF73-4DBA-98C0-913586D3C341}.Release|x86.Build.0 = Release|Any CPU
		{CFF8629A-007C-47D4-8F8C-C650D3115704}.Debug|Any CPU.ActiveCfg = Debug|Any CPU
		{CFF8629A-007C-47D4-8F8C-C650D3115704}.Debug|Any CPU.Build.0 = Debug|Any CPU
		{CFF8629A-007C-47D4-8F8C-C650D3115704}.Debug|x64.ActiveCfg = Debug|Any CPU
		{CFF8629A-007C-47D4-8F8C-C650D3115704}.Debug|x64.Build.0 = Debug|Any CPU
		{CFF8629A-007C-47D4-8F8C-C650D3115704}.Debug|x86.ActiveCfg = Debug|Any CPU
		{CFF8629A-007C-47D4-8F8C-C650D3115704}.Debug|x86.Build.0 = Debug|Any CPU
		{CFF8629A-007C-47D4-8F8C-C650D3115704}.Release|Any CPU.ActiveCfg = Release|Any CPU
		{CFF8629A-007C-47D4-8F8C-C650D3115704}.Release|Any CPU.Build.0 = Release|Any CPU
		{CFF8629A-007C-47D4-8F8C-C650D3115704}.Release|x64.ActiveCfg = Release|Any CPU
		{CFF8629A-007C-47D4-8F8C-C650D3115704}.Release|x64.Build.0 = Release|Any CPU
		{CFF8629A-007C-47D4-8F8C-C650D3115704}.Release|x86.ActiveCfg = Release|Any CPU
		{CFF8629A-007C-47D4-8F8C-C650D3115704}.Release|x86.Build.0 = Release|Any CPU
		{F2C09915-F793-438A-BE79-E411FFE05843}.Debug|Any CPU.ActiveCfg = Debug|Any CPU
		{F2C09915-F793-438A-BE79-E411FFE05843}.Debug|Any CPU.Build.0 = Debug|Any CPU
		{F2C09915-F793-438A-BE79-E411FFE05843}.Debug|x64.ActiveCfg = Debug|Any CPU
		{F2C09915-F793-438A-BE79-E411FFE05843}.Debug|x64.Build.0 = Debug|Any CPU
		{F2C09915-F793-438A-BE79-E411FFE05843}.Debug|x86.ActiveCfg = Debug|Any CPU
		{F2C09915-F793-438A-BE79-E411FFE05843}.Debug|x86.Build.0 = Debug|Any CPU
		{F2C09915-F793-438A-BE79-E411FFE05843}.Release|Any CPU.ActiveCfg = Release|Any CPU
		{F2C09915-F793-438A-BE79-E411FFE05843}.Release|Any CPU.Build.0 = Release|Any CPU
		{F2C09915-F793-438A-BE79-E411FFE05843}.Release|x64.ActiveCfg = Release|Any CPU
		{F2C09915-F793-438A-BE79-E411FFE05843}.Release|x64.Build.0 = Release|Any CPU
		{F2C09915-F793-438A-BE79-E411FFE05843}.Release|x86.ActiveCfg = Release|Any CPU
		{F2C09915-F793-438A-BE79-E411FFE05843}.Release|x86.Build.0 = Release|Any CPU
		{364C705E-B7AB-4A94-A59B-88899CE65958}.Debug|Any CPU.ActiveCfg = Debug|Any CPU
		{364C705E-B7AB-4A94-A59B-88899CE65958}.Debug|Any CPU.Build.0 = Debug|Any CPU
		{364C705E-B7AB-4A94-A59B-88899CE65958}.Debug|x64.ActiveCfg = Debug|Any CPU
		{364C705E-B7AB-4A94-A59B-88899CE65958}.Debug|x64.Build.0 = Debug|Any CPU
		{364C705E-B7AB-4A94-A59B-88899CE65958}.Debug|x86.ActiveCfg = Debug|Any CPU
		{364C705E-B7AB-4A94-A59B-88899CE65958}.Debug|x86.Build.0 = Debug|Any CPU
		{364C705E-B7AB-4A94-A59B-88899CE65958}.Release|Any CPU.ActiveCfg = Release|Any CPU
		{364C705E-B7AB-4A94-A59B-88899CE65958}.Release|Any CPU.Build.0 = Release|Any CPU
		{364C705E-B7AB-4A94-A59B-88899CE65958}.Release|x64.ActiveCfg = Release|Any CPU
		{364C705E-B7AB-4A94-A59B-88899CE65958}.Release|x64.Build.0 = Release|Any CPU
		{364C705E-B7AB-4A94-A59B-88899CE65958}.Release|x86.ActiveCfg = Release|Any CPU
		{364C705E-B7AB-4A94-A59B-88899CE65958}.Release|x86.Build.0 = Release|Any CPU
		{FB43497D-6D44-490E-9618-1FBF22B7FCB2}.Debug|Any CPU.ActiveCfg = Debug|Any CPU
		{FB43497D-6D44-490E-9618-1FBF22B7FCB2}.Debug|Any CPU.Build.0 = Debug|Any CPU
		{FB43497D-6D44-490E-9618-1FBF22B7FCB2}.Debug|x64.ActiveCfg = Debug|Any CPU
		{FB43497D-6D44-490E-9618-1FBF22B7FCB2}.Debug|x64.Build.0 = Debug|Any CPU
		{FB43497D-6D44-490E-9618-1FBF22B7FCB2}.Debug|x86.ActiveCfg = Debug|Any CPU
		{FB43497D-6D44-490E-9618-1FBF22B7FCB2}.Debug|x86.Build.0 = Debug|Any CPU
		{FB43497D-6D44-490E-9618-1FBF22B7FCB2}.Release|Any CPU.ActiveCfg = Release|Any CPU
		{FB43497D-6D44-490E-9618-1FBF22B7FCB2}.Release|Any CPU.Build.0 = Release|Any CPU
		{FB43497D-6D44-490E-9618-1FBF22B7FCB2}.Release|x64.ActiveCfg = Release|Any CPU
		{FB43497D-6D44-490E-9618-1FBF22B7FCB2}.Release|x64.Build.0 = Release|Any CPU
		{FB43497D-6D44-490E-9618-1FBF22B7FCB2}.Release|x86.ActiveCfg = Release|Any CPU
		{FB43497D-6D44-490E-9618-1FBF22B7FCB2}.Release|x86.Build.0 = Release|Any CPU
		{44B5E025-83A8-4467-B64C-0730FA78D684}.Debug|Any CPU.ActiveCfg = Debug|Win32
		{44B5E025-83A8-4467-B64C-0730FA78D684}.Debug|Any CPU.Build.0 = Debug|Win32
		{44B5E025-83A8-4467-B64C-0730FA78D684}.Debug|x64.ActiveCfg = Debug|x64
		{44B5E025-83A8-4467-B64C-0730FA78D684}.Debug|x64.Build.0 = Debug|x64
		{44B5E025-83A8-4467-B64C-0730FA78D684}.Debug|x86.ActiveCfg = Debug|Win32
		{44B5E025-83A8-4467-B64C-0730FA78D684}.Debug|x86.Build.0 = Debug|Win32
		{44B5E025-83A8-4467-B64C-0730FA78D684}.Release|Any CPU.ActiveCfg = Release|x64
		{44B5E025-83A8-4467-B64C-0730FA78D684}.Release|Any CPU.Build.0 = Release|x64
		{44B5E025-83A8-4467-B64C-0730FA78D684}.Release|x64.ActiveCfg = Release|x64
		{44B5E025-83A8-4467-B64C-0730FA78D684}.Release|x64.Build.0 = Release|x64
		{44B5E025-83A8-4467-B64C-0730FA78D684}.Release|x86.ActiveCfg = Release|Win32
		{44B5E025-83A8-4467-B64C-0730FA78D684}.Release|x86.Build.0 = Release|Win32
	EndGlobalSection
	GlobalSection(SolutionProperties) = preSolution
		HideSolutionNode = FALSE
	EndGlobalSection
	GlobalSection(NestedProjects) = preSolution
		{7E106AEC-5614-4206-9E4D-25759C90E8AE} = {D2E71B6D-F28F-4331-988F-F9750192D1B0}
		{603CE184-B72E-447C-8D02-65CE86F732EF} = {D2E71B6D-F28F-4331-988F-F9750192D1B0}
		{CFF8629A-007C-47D4-8F8C-C650D3115704} = {EA24A98A-214B-43AA-B699-0ABFA5F359D4}
		{F2C09915-F793-438A-BE79-E411FFE05843} = {EA24A98A-214B-43AA-B699-0ABFA5F359D4}
		{364C705E-B7AB-4A94-A59B-88899CE65958} = {D2E71B6D-F28F-4331-988F-F9750192D1B0}
		{FB43497D-6D44-490E-9618-1FBF22B7FCB2} = {EA24A98A-214B-43AA-B699-0ABFA5F359D4}
		{44B5E025-83A8-4467-B64C-0730FA78D684} = {EA24A98A-214B-43AA-B699-0ABFA5F359D4}
	EndGlobalSection
	GlobalSection(ExtensibilityGlobals) = postSolution
		SolutionGuid = {51B6D5DF-7CDD-4269-A353-76CE17B7DDFD}
	EndGlobalSection
EndGlobal
