Microsoft Visual Studio Solution File, Format Version 12.00
# Visual Studio Version 16
VisualStudioVersion = 16.0.28822.285
MinimumVisualStudioVersion = 12.0.31101.0
Project("{FAE04EC0-301F-11D3-BF4B-00C04F79EFBC}") = "NetCore", "Source\Libraries\NetCore\NetCore.csproj", "{7E106AEC-5614-4206-9E4D-25759C90E8AE}"
EndProject
Project("{FAE04EC0-301F-11D3-BF4B-00C04F79EFBC}") = "CorruptCore", "Source\Libraries\CorruptCore\CorruptCore.csproj", "{B5633A86-DC66-4723-88EB-7DFC95458072}"
EndProject
Project("{FAE04EC0-301F-11D3-BF4B-00C04F79EFBC}") = "Vanguard", "Source\Libraries\Vanguard\Vanguard.csproj", "{364C705E-B7AB-4A94-A59B-88899CE65958}"
EndProject
Project("{2150E333-8FDC-42A3-9474-1A3956D46DE8}") = "Libraries", "Libraries", "{D2E71B6D-F28F-4331-988F-F9750192D1B0}"
EndProject
Project("{2150E333-8FDC-42A3-9474-1A3956D46DE8}") = "Frontend", "Frontend", "{3DA64604-26EE-4A0A-B6CA-ACA5F6C4EF5F}"
EndProject
Project("{FAE04EC0-301F-11D3-BF4B-00C04F79EFBC}") = "UI", "Source\Frontend\UI\UI.csproj", "{BD376BB2-17EC-4FB0-A9FE-6B1BBF4AF3E3}"
EndProject
Project("{FAE04EC0-301F-11D3-BF4B-00C04F79EFBC}") = "StandaloneRTC", "Source\Frontend\StandaloneRTC\StandaloneRTC.csproj", "{597D9202-F18D-4B51-BB89-D7E111BAF8B5}"
EndProject
Global
	GlobalSection(SolutionConfigurationPlatforms) = preSolution
		Debug|Any CPU = Debug|Any CPU
		Debug|x64 = Debug|x64
		Debug|x86 = Debug|x86
		Release|Any CPU = Release|Any CPU
		Release|x64 = Release|x64
		Release|x86 = Release|x86
	EndGlobalSection
	GlobalSection(ProjectConfigurationPlatforms) = postSolution
		{7E106AEC-5614-4206-9E4D-25759C90E8AE}.Debug|Any CPU.ActiveCfg = Debug|Any CPU
		{7E106AEC-5614-4206-9E4D-25759C90E8AE}.Debug|Any CPU.Build.0 = Debug|Any CPU
		{7E106AEC-5614-4206-9E4D-25759C90E8AE}.Debug|x64.ActiveCfg = Debug|Any CPU
		{7E106AEC-5614-4206-9E4D-25759C90E8AE}.Debug|x64.Build.0 = Debug|Any CPU
		{7E106AEC-5614-4206-9E4D-25759C90E8AE}.Debug|x86.ActiveCfg = Debug|Any CPU
		{7E106AEC-5614-4206-9E4D-25759C90E8AE}.Debug|x86.Build.0 = Debug|Any CPU
		{7E106AEC-5614-4206-9E4D-25759C90E8AE}.Release|Any CPU.ActiveCfg = Release|Any CPU
		{7E106AEC-5614-4206-9E4D-25759C90E8AE}.Release|Any CPU.Build.0 = Release|Any CPU
		{7E106AEC-5614-4206-9E4D-25759C90E8AE}.Release|x64.ActiveCfg = Release|x64
		{7E106AEC-5614-4206-9E4D-25759C90E8AE}.Release|x64.Build.0 = Release|x64
		{7E106AEC-5614-4206-9E4D-25759C90E8AE}.Release|x86.ActiveCfg = Release|Any CPU
		{7E106AEC-5614-4206-9E4D-25759C90E8AE}.Release|x86.Build.0 = Release|Any CPU
		{B5633A86-DC66-4723-88EB-7DFC95458072}.Debug|Any CPU.ActiveCfg = Debug|Any CPU
		{B5633A86-DC66-4723-88EB-7DFC95458072}.Debug|Any CPU.Build.0 = Debug|Any CPU
		{B5633A86-DC66-4723-88EB-7DFC95458072}.Debug|x64.ActiveCfg = Debug|Any CPU
		{B5633A86-DC66-4723-88EB-7DFC95458072}.Debug|x64.Build.0 = Debug|Any CPU
		{B5633A86-DC66-4723-88EB-7DFC95458072}.Debug|x86.ActiveCfg = Debug|Any CPU
		{B5633A86-DC66-4723-88EB-7DFC95458072}.Debug|x86.Build.0 = Debug|Any CPU
		{B5633A86-DC66-4723-88EB-7DFC95458072}.Release|Any CPU.ActiveCfg = Release|Any CPU
		{B5633A86-DC66-4723-88EB-7DFC95458072}.Release|Any CPU.Build.0 = Release|Any CPU
		{B5633A86-DC66-4723-88EB-7DFC95458072}.Release|x64.ActiveCfg = Release|x64
		{B5633A86-DC66-4723-88EB-7DFC95458072}.Release|x64.Build.0 = Release|x64
		{B5633A86-DC66-4723-88EB-7DFC95458072}.Release|x86.ActiveCfg = Release|Any CPU
		{B5633A86-DC66-4723-88EB-7DFC95458072}.Release|x86.Build.0 = Release|Any CPU
		{364C705E-B7AB-4A94-A59B-88899CE65958}.Debug|Any CPU.ActiveCfg = Debug|Any CPU
		{364C705E-B7AB-4A94-A59B-88899CE65958}.Debug|Any CPU.Build.0 = Debug|Any CPU
		{364C705E-B7AB-4A94-A59B-88899CE65958}.Debug|x64.ActiveCfg = Debug|Any CPU
		{364C705E-B7AB-4A94-A59B-88899CE65958}.Debug|x64.Build.0 = Debug|Any CPU
		{364C705E-B7AB-4A94-A59B-88899CE65958}.Debug|x86.ActiveCfg = Debug|Any CPU
		{364C705E-B7AB-4A94-A59B-88899CE65958}.Debug|x86.Build.0 = Debug|Any CPU
		{364C705E-B7AB-4A94-A59B-88899CE65958}.Release|Any CPU.ActiveCfg = Release|Any CPU
		{364C705E-B7AB-4A94-A59B-88899CE65958}.Release|Any CPU.Build.0 = Release|Any CPU
		{364C705E-B7AB-4A94-A59B-88899CE65958}.Release|x64.ActiveCfg = Release|x64
		{364C705E-B7AB-4A94-A59B-88899CE65958}.Release|x64.Build.0 = Release|x64
		{364C705E-B7AB-4A94-A59B-88899CE65958}.Release|x86.ActiveCfg = Release|Any CPU
		{364C705E-B7AB-4A94-A59B-88899CE65958}.Release|x86.Build.0 = Release|Any CPU
		{BD376BB2-17EC-4FB0-A9FE-6B1BBF4AF3E3}.Debug|Any CPU.ActiveCfg = Debug|Any CPU
		{BD376BB2-17EC-4FB0-A9FE-6B1BBF4AF3E3}.Debug|Any CPU.Build.0 = Debug|Any CPU
		{BD376BB2-17EC-4FB0-A9FE-6B1BBF4AF3E3}.Debug|x64.ActiveCfg = Debug|Any CPU
		{BD376BB2-17EC-4FB0-A9FE-6B1BBF4AF3E3}.Debug|x64.Build.0 = Debug|Any CPU
		{BD376BB2-17EC-4FB0-A9FE-6B1BBF4AF3E3}.Debug|x86.ActiveCfg = Debug|Any CPU
		{BD376BB2-17EC-4FB0-A9FE-6B1BBF4AF3E3}.Debug|x86.Build.0 = Debug|Any CPU
		{BD376BB2-17EC-4FB0-A9FE-6B1BBF4AF3E3}.Release|Any CPU.ActiveCfg = Release|Any CPU
		{BD376BB2-17EC-4FB0-A9FE-6B1BBF4AF3E3}.Release|Any CPU.Build.0 = Release|Any CPU
		{BD376BB2-17EC-4FB0-A9FE-6B1BBF4AF3E3}.Release|x64.ActiveCfg = Release|x64
		{BD376BB2-17EC-4FB0-A9FE-6B1BBF4AF3E3}.Release|x64.Build.0 = Release|x64
		{BD376BB2-17EC-4FB0-A9FE-6B1BBF4AF3E3}.Release|x86.ActiveCfg = Release|Any CPU
		{BD376BB2-17EC-4FB0-A9FE-6B1BBF4AF3E3}.Release|x86.Build.0 = Release|Any CPU
		{597D9202-F18D-4B51-BB89-D7E111BAF8B5}.Debug|Any CPU.ActiveCfg = Debug|Any CPU
		{597D9202-F18D-4B51-BB89-D7E111BAF8B5}.Debug|Any CPU.Build.0 = Debug|Any CPU
		{597D9202-F18D-4B51-BB89-D7E111BAF8B5}.Debug|x64.ActiveCfg = Debug|Any CPU
		{597D9202-F18D-4B51-BB89-D7E111BAF8B5}.Debug|x64.Build.0 = Debug|Any CPU
		{597D9202-F18D-4B51-BB89-D7E111BAF8B5}.Debug|x86.ActiveCfg = Debug|x86
		{597D9202-F18D-4B51-BB89-D7E111BAF8B5}.Debug|x86.Build.0 = Debug|x86
		{597D9202-F18D-4B51-BB89-D7E111BAF8B5}.Release|Any CPU.ActiveCfg = Release|Any CPU
		{597D9202-F18D-4B51-BB89-D7E111BAF8B5}.Release|Any CPU.Build.0 = Release|Any CPU
		{597D9202-F18D-4B51-BB89-D7E111BAF8B5}.Release|x64.ActiveCfg = Release|x64
		{597D9202-F18D-4B51-BB89-D7E111BAF8B5}.Release|x64.Build.0 = Release|x64
		{597D9202-F18D-4B51-BB89-D7E111BAF8B5}.Release|x86.ActiveCfg = Release|x86
		{597D9202-F18D-4B51-BB89-D7E111BAF8B5}.Release|x86.Build.0 = Release|x86
	EndGlobalSection
	GlobalSection(SolutionProperties) = preSolution
		HideSolutionNode = FALSE
	EndGlobalSection
	GlobalSection(NestedProjects) = preSolution
		{7E106AEC-5614-4206-9E4D-25759C90E8AE} = {D2E71B6D-F28F-4331-988F-F9750192D1B0}
		{B5633A86-DC66-4723-88EB-7DFC95458072} = {D2E71B6D-F28F-4331-988F-F9750192D1B0}
		{364C705E-B7AB-4A94-A59B-88899CE65958} = {D2E71B6D-F28F-4331-988F-F9750192D1B0}
		{BD376BB2-17EC-4FB0-A9FE-6B1BBF4AF3E3} = {3DA64604-26EE-4A0A-B6CA-ACA5F6C4EF5F}
		{597D9202-F18D-4B51-BB89-D7E111BAF8B5} = {3DA64604-26EE-4A0A-B6CA-ACA5F6C4EF5F}
	EndGlobalSection
	GlobalSection(ExtensibilityGlobals) = postSolution
		SolutionGuid = {EFD75441-C3FA-4DDC-B001-A7EDDC11E8DE}
	EndGlobalSection
	GlobalSection(MonoDevelopProperties) = preSolution
		StartupItem = BizHawk.Client.EmuHawk\BizHawk.Client.EmuHawk.csproj
	EndGlobalSection
EndGlobal
