
Microsoft Visual Studio Solution File, Format Version 12.00
# Visual Studio Version 16
VisualStudioVersion = 16.0.30105.148
MinimumVisualStudioVersion = 10.0.40219.1
Project("{FAE04EC0-301F-11D3-BF4B-00C04F79EFBC}") = "RTC_Launcher", "RTC_Launcher\RTC_Launcher.csproj", "{AF5FFA87-1BEC-4083-8C81-07D1B52FDF3A}"
EndProject
Project("{FAE04EC0-301F-11D3-BF4B-00C04F79EFBC}") = "PackageDownloader", "Package Downloader\PackageDownloader.csproj", "{0078E10D-9661-441D-8CE0-761C972CAD0C}"
EndProject
Global
	GlobalSection(SolutionConfigurationPlatforms) = preSolution
		Debug|Any CPU = Debug|Any CPU
		Release|Any CPU = Release|Any CPU
	EndGlobalSection
	GlobalSection(ProjectConfigurationPlatforms) = postSolution
		{AF5FFA87-1BEC-4083-8C81-07D1B52FDF3A}.Debug|Any CPU.ActiveCfg = Debug|Any CPU
		{AF5FFA87-1BEC-4083-8C81-07D1B52FDF3A}.Debug|Any CPU.Build.0 = Debug|Any CPU
		{AF5FFA87-1BEC-4083-8C81-07D1B52FDF3A}.Release|Any CPU.ActiveCfg = Release|Any CPU
		{AF5FFA87-1BEC-4083-8C81-07D1B52FDF3A}.Release|Any CPU.Build.0 = Release|Any CPU
		{0078E10D-9661-441D-8CE0-761C972CAD0C}.Debug|Any CPU.ActiveCfg = Debug|Any CPU
		{0078E10D-9661-441D-8CE0-761C972CAD0C}.Debug|Any CPU.Build.0 = Debug|Any CPU
		{0078E10D-9661-441D-8CE0-761C972CAD0C}.Release|Any CPU.ActiveCfg = Release|Any CPU
		{0078E10D-9661-441D-8CE0-761C972CAD0C}.Release|Any CPU.Build.0 = Release|Any CPU
	EndGlobalSection
	GlobalSection(SolutionProperties) = preSolution
		HideSolutionNode = FALSE
	EndGlobalSection
	GlobalSection(ExtensibilityGlobals) = postSolution
		SolutionGuid = {B8DAFB00-B18E-49E8-A93B-A0733723794E}
	EndGlobalSection
EndGlobal
